
Microsoft Visual Studio Solution File, Format Version 12.00
# Visual Studio 2013
VisualStudioVersion = 12.0.31101.0
MinimumVisualStudioVersion = 10.0.40219.1
Project("{FAE04EC0-301F-11D3-BF4B-00C04F79EFBC}") = "Blogn.Core", "Blogn.Core\Blogn.Core.csproj", "{589C65E1-6D98-4ACF-A4A3-25C909249801}"
EndProject
Project("{FAE04EC0-301F-11D3-BF4B-00C04F79EFBC}") = "Blogn.Core.Tests", "Blogn.Core.Tests\Blogn.Core.Tests.csproj", "{DD0E968B-4178-4BF5-9123-BE675E01CD9B}"
EndProject
Project("{FAE04EC0-301F-11D3-BF4B-00C04F79EFBC}") = "Blogn.SqlData", "Blogn.SqlData\Blogn.SqlData.csproj", "{079E7049-3140-45D3-BEDD-D101EC1BE093}"
EndProject
Project("{FAE04EC0-301F-11D3-BF4B-00C04F79EFBC}") = "Blogn.SqlData.Tests", "Blogn.SqlData.Tests\Blogn.SqlData.Tests.csproj", "{1010A6FD-7016-4E6F-B92B-42F82D2F878C}"
EndProject
Project("{FAE04EC0-301F-11D3-BF4B-00C04F79EFBC}") = "Blogn.Web.Tests", "Blogn.Web.Tests\Blogn.Web.Tests.csproj", "{D0A301C3-F17B-444F-9DFD-19E332B059B3}"
EndProject
Project("{FAE04EC0-301F-11D3-BF4B-00C04F79EFBC}") = "Blogn.Web", "Blogn.Web\Blogn.Web.csproj", "{3FB5EFB8-5990-4C76-B5DE-2B06DDC8277B}"
EndProject
Project("{2150E333-8FDC-42A3-9474-1A3956D46DE8}") = ".nuget", ".nuget", "{5BEFB453-45D6-4641-B91C-93B3E7275142}"
	ProjectSection(SolutionItems) = preProject
		.nuget\NuGet.Config = .nuget\NuGet.Config
		.nuget\NuGet.exe = .nuget\NuGet.exe
		.nuget\NuGet.targets = .nuget\NuGet.targets
	EndProjectSection
EndProject
Global
	GlobalSection(SolutionConfigurationPlatforms) = preSolution
		Debug|Any CPU = Debug|Any CPU
		Release|Any CPU = Release|Any CPU
	EndGlobalSection
	GlobalSection(ProjectConfigurationPlatforms) = postSolution
		{589C65E1-6D98-4ACF-A4A3-25C909249801}.Debug|Any CPU.ActiveCfg = Debug|Any CPU
		{589C65E1-6D98-4ACF-A4A3-25C909249801}.Debug|Any CPU.Build.0 = Debug|Any CPU
		{589C65E1-6D98-4ACF-A4A3-25C909249801}.Release|Any CPU.ActiveCfg = Release|Any CPU
		{589C65E1-6D98-4ACF-A4A3-25C909249801}.Release|Any CPU.Build.0 = Release|Any CPU
		{DD0E968B-4178-4BF5-9123-BE675E01CD9B}.Debug|Any CPU.ActiveCfg = Debug|Any CPU
		{DD0E968B-4178-4BF5-9123-BE675E01CD9B}.Debug|Any CPU.Build.0 = Debug|Any CPU
		{DD0E968B-4178-4BF5-9123-BE675E01CD9B}.Release|Any CPU.ActiveCfg = Release|Any CPU
		{DD0E968B-4178-4BF5-9123-BE675E01CD9B}.Release|Any CPU.Build.0 = Release|Any CPU
		{079E7049-3140-45D3-BEDD-D101EC1BE093}.Debug|Any CPU.ActiveCfg = Debug|Any CPU
		{079E7049-3140-45D3-BEDD-D101EC1BE093}.Debug|Any CPU.Build.0 = Debug|Any CPU
		{079E7049-3140-45D3-BEDD-D101EC1BE093}.Release|Any CPU.ActiveCfg = Release|Any CPU
		{079E7049-3140-45D3-BEDD-D101EC1BE093}.Release|Any CPU.Build.0 = Release|Any CPU
		{1010A6FD-7016-4E6F-B92B-42F82D2F878C}.Debug|Any CPU.ActiveCfg = Debug|Any CPU
		{1010A6FD-7016-4E6F-B92B-42F82D2F878C}.Debug|Any CPU.Build.0 = Debug|Any CPU
		{1010A6FD-7016-4E6F-B92B-42F82D2F878C}.Release|Any CPU.ActiveCfg = Release|Any CPU
		{1010A6FD-7016-4E6F-B92B-42F82D2F878C}.Release|Any CPU.Build.0 = Release|Any CPU
		{D0A301C3-F17B-444F-9DFD-19E332B059B3}.Debug|Any CPU.ActiveCfg = Debug|Any CPU
		{D0A301C3-F17B-444F-9DFD-19E332B059B3}.Debug|Any CPU.Build.0 = Debug|Any CPU
		{D0A301C3-F17B-444F-9DFD-19E332B059B3}.Release|Any CPU.ActiveCfg = Release|Any CPU
		{D0A301C3-F17B-444F-9DFD-19E332B059B3}.Release|Any CPU.Build.0 = Release|Any CPU
		{3FB5EFB8-5990-4C76-B5DE-2B06DDC8277B}.Debug|Any CPU.ActiveCfg = Debug|Any CPU
		{3FB5EFB8-5990-4C76-B5DE-2B06DDC8277B}.Debug|Any CPU.Build.0 = Debug|Any CPU
		{3FB5EFB8-5990-4C76-B5DE-2B06DDC8277B}.Release|Any CPU.ActiveCfg = Release|Any CPU
		{3FB5EFB8-5990-4C76-B5DE-2B06DDC8277B}.Release|Any CPU.Build.0 = Release|Any CPU
	EndGlobalSection
	GlobalSection(SolutionProperties) = preSolution
		HideSolutionNode = FALSE
	EndGlobalSection
EndGlobal
